// !$*UTF8*$!
{
	archiveVersion = 1;
	classes = {
	};
	objectVersion = 46;
	objects = {

/* Begin PBXBuildFile section */
		5A6BED311BE6C4A50020B9F1 /* Bunker.swift in Sources */ = {isa = PBXBuildFile; fileRef = 5A6BED301BE6C4A50020B9F1 /* Bunker.swift */; };
		5A7CB1BC1BF6940700D6E977 /* Scoreboard.swift in Sources */ = {isa = PBXBuildFile; fileRef = 5A7CB1BB1BF6940700D6E977 /* Scoreboard.swift */; };
		5A7CB1C01BF698C700D6E977 /* GameData.swift in Sources */ = {isa = PBXBuildFile; fileRef = 5A7CB1BF1BF698C700D6E977 /* GameData.swift */; };
		5A8850BD1C2F513A000850FB /* OptionsViewController.swift in Sources */ = {isa = PBXBuildFile; fileRef = 5A8850BC1C2F513A000850FB /* OptionsViewController.swift */; };
		5A896E861BDEC5D2006633FF /* AppDelegate.swift in Sources */ = {isa = PBXBuildFile; fileRef = 5A896E851BDEC5D2006633FF /* AppDelegate.swift */; };
		5A896E881BDEC5D2006633FF /* GameScene.sks in Resources */ = {isa = PBXBuildFile; fileRef = 5A896E871BDEC5D2006633FF /* GameScene.sks */; };
		5A896E8A1BDEC5D2006633FF /* GameScene.swift in Sources */ = {isa = PBXBuildFile; fileRef = 5A896E891BDEC5D2006633FF /* GameScene.swift */; };
		5A896E8C1BDEC5D2006633FF /* GameViewController.swift in Sources */ = {isa = PBXBuildFile; fileRef = 5A896E8B1BDEC5D2006633FF /* GameViewController.swift */; };
		5A896E8F1BDEC5D2006633FF /* Main.storyboard in Resources */ = {isa = PBXBuildFile; fileRef = 5A896E8D1BDEC5D2006633FF /* Main.storyboard */; };
		5A896E911BDEC5D2006633FF /* Assets.xcassets in Resources */ = {isa = PBXBuildFile; fileRef = 5A896E901BDEC5D2006633FF /* Assets.xcassets */; };
		5A896E941BDEC5D2006633FF /* LaunchScreen.storyboard in Resources */ = {isa = PBXBuildFile; fileRef = 5A896E921BDEC5D2006633FF /* LaunchScreen.storyboard */; };
		5A896E9F1BDEC5D2006633FF /* SpaceInvadersTests.swift in Sources */ = {isa = PBXBuildFile; fileRef = 5A896E9E1BDEC5D2006633FF /* SpaceInvadersTests.swift */; };
		5A896EAA1BDEC5D2006633FF /* SpaceInvadersUITests.swift in Sources */ = {isa = PBXBuildFile; fileRef = 5A896EA91BDEC5D2006633FF /* SpaceInvadersUITests.swift */; };
		5A896EB81BDEC86C006633FF /* Constants.swift in Sources */ = {isa = PBXBuildFile; fileRef = 5A896EB71BDEC86C006633FF /* Constants.swift */; };
		5A8D237D1BE55DC700E6B053 /* Player.swift in Sources */ = {isa = PBXBuildFile; fileRef = 5A8D237C1BE55DC700E6B053 /* Player.swift */; };
		5A8D237F1BE55DD400E6B053 /* Alien.swift in Sources */ = {isa = PBXBuildFile; fileRef = 5A8D237E1BE55DD400E6B053 /* Alien.swift */; };
		5A8DEF3A1C02313300D9043E /* Level.swift in Sources */ = {isa = PBXBuildFile; fileRef = 5A8DEF391C02313300D9043E /* Level.swift */; };
		5A8FCDAD1C0F8D49000D5059 /* Settings.swift in Sources */ = {isa = PBXBuildFile; fileRef = 5A8FCDAC1C0F8D49000D5059 /* Settings.swift */; };
		5A8FEC501BF3D9AF00248335 /* Bullet.swift in Sources */ = {isa = PBXBuildFile; fileRef = 5A8FEC4F1BF3D9AF00248335 /* Bullet.swift */; };
		5A9030E61BF7DB14005C0A9B /* Earth.swift in Sources */ = {isa = PBXBuildFile; fileRef = 5A9030E51BF7DB14005C0A9B /* Earth.swift */; };
		5AA69C5D1C3F1138004995D9 /* GameOverScreen.swift in Sources */ = {isa = PBXBuildFile; fileRef = 5AA69C5C1C3F1138004995D9 /* GameOverScreen.swift */; };
		5ABE3ECD1BF2A26800BBCE5D /* ButtonNode.swift in Sources */ = {isa = PBXBuildFile; fileRef = 5ABE3ECC1BF2A26800BBCE5D /* ButtonNode.swift */; };
		5ABE6A921BFFF158008A9969 /* PauseMenu.swift in Sources */ = {isa = PBXBuildFile; fileRef = 5ABE6A911BFFF158008A9969 /* PauseMenu.swift */; };
		5ABF56621BF9223C00856BEE /* MainMenuScene.swift in Sources */ = {isa = PBXBuildFile; fileRef = 5ABF56611BF9223C00856BEE /* MainMenuScene.swift */; };
		5AEBA48E1CADB3EB00962E4E /* soundfx in Resources */ = {isa = PBXBuildFile; fileRef = 5AEBA48D1CADB3EB00962E4E /* soundfx */; };
		5AF6E2881CADCD41007ACD3D /* alien.png in Resources */ = {isa = PBXBuildFile; fileRef = 5AF6E2871CADCD41007ACD3D /* alien.png */; };
		5AFBE29B1CADC59A00EC89CF /* ship.png in Resources */ = {isa = PBXBuildFile; fileRef = 5AFBE2991CADC59A00EC89CF /* ship.png */; };
/* End PBXBuildFile section */

/* Begin PBXContainerItemProxy section */
		5A896E9B1BDEC5D2006633FF /* PBXContainerItemProxy */ = {
			isa = PBXContainerItemProxy;
			containerPortal = 5A896E7A1BDEC5D2006633FF /* Project object */;
			proxyType = 1;
			remoteGlobalIDString = 5A896E811BDEC5D2006633FF;
			remoteInfo = SpaceInvaders;
		};
		5A896EA61BDEC5D2006633FF /* PBXContainerItemProxy */ = {
			isa = PBXContainerItemProxy;
			containerPortal = 5A896E7A1BDEC5D2006633FF /* Project object */;
			proxyType = 1;
			remoteGlobalIDString = 5A896E811BDEC5D2006633FF;
			remoteInfo = SpaceInvaders;
		};
/* End PBXContainerItemProxy section */

/* Begin PBXFileReference section */
		5A6BED301BE6C4A50020B9F1 /* Bunker.swift */ = {isa = PBXFileReference; fileEncoding = 4; lastKnownFileType = sourcecode.swift; path = Bunker.swift; sourceTree = "<group>"; };
		5A7CB1BB1BF6940700D6E977 /* Scoreboard.swift */ = {isa = PBXFileReference; fileEncoding = 4; lastKnownFileType = sourcecode.swift; path = Scoreboard.swift; sourceTree = "<group>"; };
		5A7CB1BF1BF698C700D6E977 /* GameData.swift */ = {isa = PBXFileReference; fileEncoding = 4; lastKnownFileType = sourcecode.swift; path = GameData.swift; sourceTree = "<group>"; };
		5A8850BC1C2F513A000850FB /* OptionsViewController.swift */ = {isa = PBXFileReference; fileEncoding = 4; lastKnownFileType = sourcecode.swift; path = OptionsViewController.swift; sourceTree = "<group>"; };
		5A896E821BDEC5D2006633FF /* SpaceInvaders.app */ = {isa = PBXFileReference; explicitFileType = wrapper.application; includeInIndex = 0; path = SpaceInvaders.app; sourceTree = BUILT_PRODUCTS_DIR; };
		5A896E851BDEC5D2006633FF /* AppDelegate.swift */ = {isa = PBXFileReference; lastKnownFileType = sourcecode.swift; path = AppDelegate.swift; sourceTree = "<group>"; };
		5A896E871BDEC5D2006633FF /* GameScene.sks */ = {isa = PBXFileReference; lastKnownFileType = file.sks; path = GameScene.sks; sourceTree = "<group>"; };
		5A896E891BDEC5D2006633FF /* GameScene.swift */ = {isa = PBXFileReference; lastKnownFileType = sourcecode.swift; path = GameScene.swift; sourceTree = "<group>"; };
		5A896E8B1BDEC5D2006633FF /* GameViewController.swift */ = {isa = PBXFileReference; lastKnownFileType = sourcecode.swift; path = GameViewController.swift; sourceTree = "<group>"; };
		5A896E8E1BDEC5D2006633FF /* Base */ = {isa = PBXFileReference; lastKnownFileType = file.storyboard; name = Base; path = Base.lproj/Main.storyboard; sourceTree = "<group>"; };
		5A896E901BDEC5D2006633FF /* Assets.xcassets */ = {isa = PBXFileReference; lastKnownFileType = folder.assetcatalog; path = Assets.xcassets; sourceTree = "<group>"; };
		5A896E931BDEC5D2006633FF /* Base */ = {isa = PBXFileReference; lastKnownFileType = file.storyboard; name = Base; path = Base.lproj/LaunchScreen.storyboard; sourceTree = "<group>"; };
		5A896E951BDEC5D2006633FF /* Info.plist */ = {isa = PBXFileReference; lastKnownFileType = text.plist.xml; path = Info.plist; sourceTree = "<group>"; };
		5A896E9A1BDEC5D2006633FF /* SpaceInvadersTests.xctest */ = {isa = PBXFileReference; explicitFileType = wrapper.cfbundle; includeInIndex = 0; path = SpaceInvadersTests.xctest; sourceTree = BUILT_PRODUCTS_DIR; };
		5A896E9E1BDEC5D2006633FF /* SpaceInvadersTests.swift */ = {isa = PBXFileReference; lastKnownFileType = sourcecode.swift; path = SpaceInvadersTests.swift; sourceTree = "<group>"; };
		5A896EA01BDEC5D2006633FF /* Info.plist */ = {isa = PBXFileReference; lastKnownFileType = text.plist.xml; path = Info.plist; sourceTree = "<group>"; };
		5A896EA51BDEC5D2006633FF /* SpaceInvadersUITests.xctest */ = {isa = PBXFileReference; explicitFileType = wrapper.cfbundle; includeInIndex = 0; path = SpaceInvadersUITests.xctest; sourceTree = BUILT_PRODUCTS_DIR; };
		5A896EA91BDEC5D2006633FF /* SpaceInvadersUITests.swift */ = {isa = PBXFileReference; lastKnownFileType = sourcecode.swift; path = SpaceInvadersUITests.swift; sourceTree = "<group>"; };
		5A896EAB1BDEC5D2006633FF /* Info.plist */ = {isa = PBXFileReference; lastKnownFileType = text.plist.xml; path = Info.plist; sourceTree = "<group>"; };
		5A896EB71BDEC86C006633FF /* Constants.swift */ = {isa = PBXFileReference; fileEncoding = 4; lastKnownFileType = sourcecode.swift; path = Constants.swift; sourceTree = "<group>"; };
		5A8D237C1BE55DC700E6B053 /* Player.swift */ = {isa = PBXFileReference; fileEncoding = 4; lastKnownFileType = sourcecode.swift; path = Player.swift; sourceTree = "<group>"; };
		5A8D237E1BE55DD400E6B053 /* Alien.swift */ = {isa = PBXFileReference; fileEncoding = 4; lastKnownFileType = sourcecode.swift; path = Alien.swift; sourceTree = "<group>"; };
		5A8DEF391C02313300D9043E /* Level.swift */ = {isa = PBXFileReference; fileEncoding = 4; lastKnownFileType = sourcecode.swift; path = Level.swift; sourceTree = "<group>"; };
		5A8FCDAC1C0F8D49000D5059 /* Settings.swift */ = {isa = PBXFileReference; fileEncoding = 4; lastKnownFileType = sourcecode.swift; path = Settings.swift; sourceTree = "<group>"; };
		5A8FEC4F1BF3D9AF00248335 /* Bullet.swift */ = {isa = PBXFileReference; fileEncoding = 4; lastKnownFileType = sourcecode.swift; path = Bullet.swift; sourceTree = "<group>"; };
		5A9030E51BF7DB14005C0A9B /* Earth.swift */ = {isa = PBXFileReference; fileEncoding = 4; lastKnownFileType = sourcecode.swift; path = Earth.swift; sourceTree = "<group>"; };
		5AA69C5C1C3F1138004995D9 /* GameOverScreen.swift */ = {isa = PBXFileReference; fileEncoding = 4; lastKnownFileType = sourcecode.swift; path = GameOverScreen.swift; sourceTree = "<group>"; };
		5ABE3ECC1BF2A26800BBCE5D /* ButtonNode.swift */ = {isa = PBXFileReference; fileEncoding = 4; lastKnownFileType = sourcecode.swift; path = ButtonNode.swift; sourceTree = "<group>"; };
		5ABE6A911BFFF158008A9969 /* PauseMenu.swift */ = {isa = PBXFileReference; fileEncoding = 4; lastKnownFileType = sourcecode.swift; path = PauseMenu.swift; sourceTree = "<group>"; };
		5ABF56611BF9223C00856BEE /* MainMenuScene.swift */ = {isa = PBXFileReference; fileEncoding = 4; lastKnownFileType = sourcecode.swift; path = MainMenuScene.swift; sourceTree = "<group>"; };
		5AEBA48D1CADB3EB00962E4E /* soundfx */ = {isa = PBXFileReference; lastKnownFileType = folder; path = soundfx; sourceTree = "<group>"; };
		5AF6E2871CADCD41007ACD3D /* alien.png */ = {isa = PBXFileReference; lastKnownFileType = image.png; path = alien.png; sourceTree = "<group>"; };
		5AFBE2991CADC59A00EC89CF /* ship.png */ = {isa = PBXFileReference; lastKnownFileType = image.png; path = ship.png; sourceTree = "<group>"; };
/* End PBXFileReference section */

/* Begin PBXFrameworksBuildPhase section */
		5A896E7F1BDEC5D2006633FF /* Frameworks */ = {
			isa = PBXFrameworksBuildPhase;
			buildActionMask = 2147483647;
			files = (
			);
			runOnlyForDeploymentPostprocessing = 0;
		};
		5A896E971BDEC5D2006633FF /* Frameworks */ = {
			isa = PBXFrameworksBuildPhase;
			buildActionMask = 2147483647;
			files = (
			);
			runOnlyForDeploymentPostprocessing = 0;
		};
		5A896EA21BDEC5D2006633FF /* Frameworks */ = {
			isa = PBXFrameworksBuildPhase;
			buildActionMask = 2147483647;
			files = (
			);
			runOnlyForDeploymentPostprocessing = 0;
		};
/* End PBXFrameworksBuildPhase section */

/* Begin PBXGroup section */
		5A661F8C1C3B257A001AA576 /* Controller */ = {
			isa = PBXGroup;
			children = (
				5A896E8B1BDEC5D2006633FF /* GameViewController.swift */,
				5A8850BC1C2F513A000850FB /* OptionsViewController.swift */,
			);
			name = Controller;
			sourceTree = "<group>";
		};
		5A661F8D1C3B25B9001AA576 /* Scene */ = {
			isa = PBXGroup;
			children = (
				5A896E891BDEC5D2006633FF /* GameScene.swift */,
				5ABF56611BF9223C00856BEE /* MainMenuScene.swift */,
			);
			name = Scene;
			sourceTree = "<group>";
		};
		5A661F8E1C3B25E8001AA576 /* View */ = {
			isa = PBXGroup;
			children = (
				5A661F911C3B2615001AA576 /* UI */,
				5A661F8F1C3B25F6001AA576 /* Sprites */,
			);
			name = View;
			sourceTree = "<group>";
		};
		5A661F8F1C3B25F6001AA576 /* Sprites */ = {
			isa = PBXGroup;
			children = (
				5A8D237C1BE55DC700E6B053 /* Player.swift */,
				5A8FEC4F1BF3D9AF00248335 /* Bullet.swift */,
				5A8D237E1BE55DD400E6B053 /* Alien.swift */,
				5A9030E51BF7DB14005C0A9B /* Earth.swift */,
				5A6BED301BE6C4A50020B9F1 /* Bunker.swift */,
			);
			name = Sprites;
			sourceTree = "<group>";
		};
		5A661F911C3B2615001AA576 /* UI */ = {
			isa = PBXGroup;
			children = (
				5ABE3ECC1BF2A26800BBCE5D /* ButtonNode.swift */,
				5ABE6A911BFFF158008A9969 /* PauseMenu.swift */,
				5A7CB1BB1BF6940700D6E977 /* Scoreboard.swift */,
				5AA69C5C1C3F1138004995D9 /* GameOverScreen.swift */,
			);
			name = UI;
			sourceTree = "<group>";
		};
		5A661F921C3B267E001AA576 /* Model */ = {
			isa = PBXGroup;
			children = (
				5A8FCDAC1C0F8D49000D5059 /* Settings.swift */,
				5A8DEF391C02313300D9043E /* Level.swift */,
				5A7CB1BF1BF698C700D6E977 /* GameData.swift */,
				5A896EB71BDEC86C006633FF /* Constants.swift */,
			);
			name = Model;
			sourceTree = "<group>";
		};
		5A661F931C3B26B1001AA576 /* Supporting Files */ = {
			isa = PBXGroup;
			children = (
				5AF6E2871CADCD41007ACD3D /* alien.png */,
				5AFBE2991CADC59A00EC89CF /* ship.png */,
				5AEBA48D1CADB3EB00962E4E /* soundfx */,
				5A896E851BDEC5D2006633FF /* AppDelegate.swift */,
				5A896E871BDEC5D2006633FF /* GameScene.sks */,
				5A896E8D1BDEC5D2006633FF /* Main.storyboard */,
				5A896E901BDEC5D2006633FF /* Assets.xcassets */,
				5A896E921BDEC5D2006633FF /* LaunchScreen.storyboard */,
				5A896E951BDEC5D2006633FF /* Info.plist */,
			);
			name = "Supporting Files";
			sourceTree = "<group>";
		};
		5A896E791BDEC5D2006633FF = {
			isa = PBXGroup;
			children = (
				5A896E841BDEC5D2006633FF /* SpaceInvaders */,
				5A896E9D1BDEC5D2006633FF /* SpaceInvadersTests */,
				5A896EA81BDEC5D2006633FF /* SpaceInvadersUITests */,
				5A896E831BDEC5D2006633FF /* Products */,
			);
			sourceTree = "<group>";
		};
		5A896E831BDEC5D2006633FF /* Products */ = {
			isa = PBXGroup;
			children = (
				5A896E821BDEC5D2006633FF /* SpaceInvaders.app */,
				5A896E9A1BDEC5D2006633FF /* SpaceInvadersTests.xctest */,
				5A896EA51BDEC5D2006633FF /* SpaceInvadersUITests.xctest */,
			);
			name = Products;
			sourceTree = "<group>";
		};
		5A896E841BDEC5D2006633FF /* SpaceInvaders */ = {
			isa = PBXGroup;
			children = (
				5A661F921C3B267E001AA576 /* Model */,
				5A661F8E1C3B25E8001AA576 /* View */,
				5A661F8C1C3B257A001AA576 /* Controller */,
				5A661F8D1C3B25B9001AA576 /* Scene */,
				5A661F931C3B26B1001AA576 /* Supporting Files */,
			);
			path = SpaceInvaders;
			sourceTree = "<group>";
		};
		5A896E9D1BDEC5D2006633FF /* SpaceInvadersTests */ = {
			isa = PBXGroup;
			children = (
				5A896E9E1BDEC5D2006633FF /* SpaceInvadersTests.swift */,
				5A896EA01BDEC5D2006633FF /* Info.plist */,
			);
			path = SpaceInvadersTests;
			sourceTree = "<group>";
		};
		5A896EA81BDEC5D2006633FF /* SpaceInvadersUITests */ = {
			isa = PBXGroup;
			children = (
				5A896EA91BDEC5D2006633FF /* SpaceInvadersUITests.swift */,
				5A896EAB1BDEC5D2006633FF /* Info.plist */,
			);
			path = SpaceInvadersUITests;
			sourceTree = "<group>";
		};
/* End PBXGroup section */

/* Begin PBXNativeTarget section */
		5A896E811BDEC5D2006633FF /* SpaceInvaders */ = {
			isa = PBXNativeTarget;
			buildConfigurationList = 5A896EAE1BDEC5D2006633FF /* Build configuration list for PBXNativeTarget "SpaceInvaders" */;
			buildPhases = (
				5A896E7E1BDEC5D2006633FF /* Sources */,
				5A896E7F1BDEC5D2006633FF /* Frameworks */,
				5A896E801BDEC5D2006633FF /* Resources */,
			);
			buildRules = (
			);
			dependencies = (
			);
			name = SpaceInvaders;
			productName = SpaceInvaders;
			productReference = 5A896E821BDEC5D2006633FF /* SpaceInvaders.app */;
			productType = "com.apple.product-type.application";
		};
		5A896E991BDEC5D2006633FF /* SpaceInvadersTests */ = {
			isa = PBXNativeTarget;
			buildConfigurationList = 5A896EB11BDEC5D2006633FF /* Build configuration list for PBXNativeTarget "SpaceInvadersTests" */;
			buildPhases = (
				5A896E961BDEC5D2006633FF /* Sources */,
				5A896E971BDEC5D2006633FF /* Frameworks */,
				5A896E981BDEC5D2006633FF /* Resources */,
			);
			buildRules = (
			);
			dependencies = (
				5A896E9C1BDEC5D2006633FF /* PBXTargetDependency */,
			);
			name = SpaceInvadersTests;
			productName = SpaceInvadersTests;
			productReference = 5A896E9A1BDEC5D2006633FF /* SpaceInvadersTests.xctest */;
			productType = "com.apple.product-type.bundle.unit-test";
		};
		5A896EA41BDEC5D2006633FF /* SpaceInvadersUITests */ = {
			isa = PBXNativeTarget;
			buildConfigurationList = 5A896EB41BDEC5D2006633FF /* Build configuration list for PBXNativeTarget "SpaceInvadersUITests" */;
			buildPhases = (
				5A896EA11BDEC5D2006633FF /* Sources */,
				5A896EA21BDEC5D2006633FF /* Frameworks */,
				5A896EA31BDEC5D2006633FF /* Resources */,
			);
			buildRules = (
			);
			dependencies = (
				5A896EA71BDEC5D2006633FF /* PBXTargetDependency */,
			);
			name = SpaceInvadersUITests;
			productName = SpaceInvadersUITests;
			productReference = 5A896EA51BDEC5D2006633FF /* SpaceInvadersUITests.xctest */;
			productType = "com.apple.product-type.bundle.ui-testing";
		};
/* End PBXNativeTarget section */

/* Begin PBXProject section */
		5A896E7A1BDEC5D2006633FF /* Project object */ = {
			isa = PBXProject;
			attributes = {
				LastUpgradeCheck = 0700;
				ORGANIZATIONNAME = "Owen LaRosa";
				TargetAttributes = {
					5A896E811BDEC5D2006633FF = {
						CreatedOnToolsVersion = 7.0;
						DevelopmentTeam = GVEP366428;
					};
					5A896E991BDEC5D2006633FF = {
						CreatedOnToolsVersion = 7.0;
						DevelopmentTeam = GVEP366428;
						TestTargetID = 5A896E811BDEC5D2006633FF;
					};
					5A896EA41BDEC5D2006633FF = {
						CreatedOnToolsVersion = 7.0;
						DevelopmentTeam = GVEP366428;
						TestTargetID = 5A896E811BDEC5D2006633FF;
					};
				};
			};
			buildConfigurationList = 5A896E7D1BDEC5D2006633FF /* Build configuration list for PBXProject "SpaceInvaders" */;
			compatibilityVersion = "Xcode 3.2";
			developmentRegion = English;
			hasScannedForEncodings = 0;
			knownRegions = (
				en,
				Base,
			);
			mainGroup = 5A896E791BDEC5D2006633FF;
			productRefGroup = 5A896E831BDEC5D2006633FF /* Products */;
			projectDirPath = "";
			projectRoot = "";
			targets = (
				5A896E811BDEC5D2006633FF /* SpaceInvaders */,
				5A896E991BDEC5D2006633FF /* SpaceInvadersTests */,
				5A896EA41BDEC5D2006633FF /* SpaceInvadersUITests */,
			);
		};
/* End PBXProject section */

/* Begin PBXResourcesBuildPhase section */
		5A896E801BDEC5D2006633FF /* Resources */ = {
			isa = PBXResourcesBuildPhase;
			buildActionMask = 2147483647;
			files = (
				5A896E881BDEC5D2006633FF /* GameScene.sks in Resources */,
				5A896E941BDEC5D2006633FF /* LaunchScreen.storyboard in Resources */,
				5AEBA48E1CADB3EB00962E4E /* soundfx in Resources */,
				5A896E911BDEC5D2006633FF /* Assets.xcassets in Resources */,
				5AF6E2881CADCD41007ACD3D /* alien.png in Resources */,
				5A896E8F1BDEC5D2006633FF /* Main.storyboard in Resources */,
				5AFBE29B1CADC59A00EC89CF /* ship.png in Resources */,
			);
			runOnlyForDeploymentPostprocessing = 0;
		};
		5A896E981BDEC5D2006633FF /* Resources */ = {
			isa = PBXResourcesBuildPhase;
			buildActionMask = 2147483647;
			files = (
			);
			runOnlyForDeploymentPostprocessing = 0;
		};
		5A896EA31BDEC5D2006633FF /* Resources */ = {
			isa = PBXResourcesBuildPhase;
			buildActionMask = 2147483647;
			files = (
			);
			runOnlyForDeploymentPostprocessing = 0;
		};
/* End PBXResourcesBuildPhase section */

/* Begin PBXSourcesBuildPhase section */
		5A896E7E1BDEC5D2006633FF /* Sources */ = {
			isa = PBXSourcesBuildPhase;
			buildActionMask = 2147483647;
			files = (
				5A896E8A1BDEC5D2006633FF /* GameScene.swift in Sources */,
				5ABF56621BF9223C00856BEE /* MainMenuScene.swift in Sources */,
				5A896E8C1BDEC5D2006633FF /* GameViewController.swift in Sources */,
				5A8DEF3A1C02313300D9043E /* Level.swift in Sources */,
				5A9030E61BF7DB14005C0A9B /* Earth.swift in Sources */,
				5A896E861BDEC5D2006633FF /* AppDelegate.swift in Sources */,
				5A8850BD1C2F513A000850FB /* OptionsViewController.swift in Sources */,
				5A7CB1BC1BF6940700D6E977 /* Scoreboard.swift in Sources */,
				5AA69C5D1C3F1138004995D9 /* GameOverScreen.swift in Sources */,
				5A7CB1C01BF698C700D6E977 /* GameData.swift in Sources */,
				5A8D237F1BE55DD400E6B053 /* Alien.swift in Sources */,
				5A8D237D1BE55DC700E6B053 /* Player.swift in Sources */,
				5A8FCDAD1C0F8D49000D5059 /* Settings.swift in Sources */,
				5A896EB81BDEC86C006633FF /* Constants.swift in Sources */,
				5A6BED311BE6C4A50020B9F1 /* Bunker.swift in Sources */,
				5ABE6A921BFFF158008A9969 /* PauseMenu.swift in Sources */,
				5ABE3ECD1BF2A26800BBCE5D /* ButtonNode.swift in Sources */,
				5A8FEC501BF3D9AF00248335 /* Bullet.swift in Sources */,
			);
			runOnlyForDeploymentPostprocessing = 0;
		};
		5A896E961BDEC5D2006633FF /* Sources */ = {
			isa = PBXSourcesBuildPhase;
			buildActionMask = 2147483647;
			files = (
				5A896E9F1BDEC5D2006633FF /* SpaceInvadersTests.swift in Sources */,
			);
			runOnlyForDeploymentPostprocessing = 0;
		};
		5A896EA11BDEC5D2006633FF /* Sources */ = {
			isa = PBXSourcesBuildPhase;
			buildActionMask = 2147483647;
			files = (
				5A896EAA1BDEC5D2006633FF /* SpaceInvadersUITests.swift in Sources */,
			);
			runOnlyForDeploymentPostprocessing = 0;
		};
/* End PBXSourcesBuildPhase section */

/* Begin PBXTargetDependency section */
		5A896E9C1BDEC5D2006633FF /* PBXTargetDependency */ = {
			isa = PBXTargetDependency;
			target = 5A896E811BDEC5D2006633FF /* SpaceInvaders */;
			targetProxy = 5A896E9B1BDEC5D2006633FF /* PBXContainerItemProxy */;
		};
		5A896EA71BDEC5D2006633FF /* PBXTargetDependency */ = {
			isa = PBXTargetDependency;
			target = 5A896E811BDEC5D2006633FF /* SpaceInvaders */;
			targetProxy = 5A896EA61BDEC5D2006633FF /* PBXContainerItemProxy */;
		};
/* End PBXTargetDependency section */

/* Begin PBXVariantGroup section */
		5A896E8D1BDEC5D2006633FF /* Main.storyboard */ = {
			isa = PBXVariantGroup;
			children = (
				5A896E8E1BDEC5D2006633FF /* Base */,
			);
			name = Main.storyboard;
			sourceTree = "<group>";
		};
		5A896E921BDEC5D2006633FF /* LaunchScreen.storyboard */ = {
			isa = PBXVariantGroup;
			children = (
				5A896E931BDEC5D2006633FF /* Base */,
			);
			name = LaunchScreen.storyboard;
			sourceTree = "<group>";
		};
/* End PBXVariantGroup section */

/* Begin XCBuildConfiguration section */
		5A896EAC1BDEC5D2006633FF /* Debug */ = {
			isa = XCBuildConfiguration;
			buildSettings = {
				ALWAYS_SEARCH_USER_PATHS = NO;
				CLANG_CXX_LANGUAGE_STANDARD = "gnu++0x";
				CLANG_CXX_LIBRARY = "libc++";
				CLANG_ENABLE_MODULES = YES;
				CLANG_ENABLE_OBJC_ARC = YES;
				CLANG_WARN_BOOL_CONVERSION = YES;
				CLANG_WARN_CONSTANT_CONVERSION = YES;
				CLANG_WARN_DIRECT_OBJC_ISA_USAGE = YES_ERROR;
				CLANG_WARN_EMPTY_BODY = YES;
				CLANG_WARN_ENUM_CONVERSION = YES;
				CLANG_WARN_INT_CONVERSION = YES;
				CLANG_WARN_OBJC_ROOT_CLASS = YES_ERROR;
				CLANG_WARN_UNREACHABLE_CODE = YES;
				CLANG_WARN__DUPLICATE_METHOD_MATCH = YES;
				"CODE_SIGN_IDENTITY[sdk=iphoneos*]" = "iPhone Developer";
				COPY_PHASE_STRIP = NO;
				DEBUG_INFORMATION_FORMAT = "dwarf-with-dsym";
				ENABLE_STRICT_OBJC_MSGSEND = YES;
				ENABLE_TESTABILITY = YES;
				GCC_C_LANGUAGE_STANDARD = gnu99;
				GCC_DYNAMIC_NO_PIC = NO;
				GCC_NO_COMMON_BLOCKS = YES;
				GCC_OPTIMIZATION_LEVEL = 0;
				GCC_PREPROCESSOR_DEFINITIONS = (
					"DEBUG=1",
					"$(inherited)",
				);
				GCC_WARN_64_TO_32_BIT_CONVERSION = YES;
				GCC_WARN_ABOUT_RETURN_TYPE = YES_ERROR;
				GCC_WARN_UNDECLARED_SELECTOR = YES;
				GCC_WARN_UNINITIALIZED_AUTOS = YES_AGGRESSIVE;
				GCC_WARN_UNUSED_FUNCTION = YES;
				GCC_WARN_UNUSED_VARIABLE = YES;
				IPHONEOS_DEPLOYMENT_TARGET = 9.0;
				MTL_ENABLE_DEBUG_INFO = YES;
				ONLY_ACTIVE_ARCH = YES;
				SDKROOT = iphoneos;
				SWIFT_OPTIMIZATION_LEVEL = "-Onone";
			};
			name = Debug;
		};
		5A896EAD1BDEC5D2006633FF /* Release */ = {
			isa = XCBuildConfiguration;
			buildSettings = {
				ALWAYS_SEARCH_USER_PATHS = NO;
				CLANG_CXX_LANGUAGE_STANDARD = "gnu++0x";
				CLANG_CXX_LIBRARY = "libc++";
				CLANG_ENABLE_MODULES = YES;
				CLANG_ENABLE_OBJC_ARC = YES;
				CLANG_WARN_BOOL_CONVERSION = YES;
				CLANG_WARN_CONSTANT_CONVERSION = YES;
				CLANG_WARN_DIRECT_OBJC_ISA_USAGE = YES_ERROR;
				CLANG_WARN_EMPTY_BODY = YES;
				CLANG_WARN_ENUM_CONVERSION = YES;
				CLANG_WARN_INT_CONVERSION = YES;
				CLANG_WARN_OBJC_ROOT_CLASS = YES_ERROR;
				CLANG_WARN_UNREACHABLE_CODE = YES;
				CLANG_WARN__DUPLICATE_METHOD_MATCH = YES;
				"CODE_SIGN_IDENTITY[sdk=iphoneos*]" = "iPhone Developer";
				COPY_PHASE_STRIP = NO;
				DEBUG_INFORMATION_FORMAT = "dwarf-with-dsym";
				ENABLE_NS_ASSERTIONS = NO;
				ENABLE_STRICT_OBJC_MSGSEND = YES;
				GCC_C_LANGUAGE_STANDARD = gnu99;
				GCC_NO_COMMON_BLOCKS = YES;
				GCC_WARN_64_TO_32_BIT_CONVERSION = YES;
				GCC_WARN_ABOUT_RETURN_TYPE = YES_ERROR;
				GCC_WARN_UNDECLARED_SELECTOR = YES;
				GCC_WARN_UNINITIALIZED_AUTOS = YES_AGGRESSIVE;
				GCC_WARN_UNUSED_FUNCTION = YES;
				GCC_WARN_UNUSED_VARIABLE = YES;
				IPHONEOS_DEPLOYMENT_TARGET = 9.0;
				MTL_ENABLE_DEBUG_INFO = NO;
				SDKROOT = iphoneos;
				VALIDATE_PRODUCT = YES;
			};
			name = Release;
		};
		5A896EAF1BDEC5D2006633FF /* Debug */ = {
			isa = XCBuildConfiguration;
			buildSettings = {
				ASSETCATALOG_COMPILER_APPICON_NAME = AppIcon;
				INFOPLIST_FILE = SpaceInvaders/Info.plist;
				IPHONEOS_DEPLOYMENT_TARGET = 7.0;
				LD_RUNPATH_SEARCH_PATHS = "$(inherited) @executable_path/Frameworks";
				PRODUCT_BUNDLE_IDENTIFIER = com.owenlarosa.SpaceInvaders;
				PRODUCT_NAME = "$(TARGET_NAME)";
			};
			name = Debug;
		};
		5A896EB01BDEC5D2006633FF /* Release */ = {
			isa = XCBuildConfiguration;
			buildSettings = {
				ASSETCATALOG_COMPILER_APPICON_NAME = AppIcon;
				INFOPLIST_FILE = SpaceInvaders/Info.plist;
				IPHONEOS_DEPLOYMENT_TARGET = 7.0;
				LD_RUNPATH_SEARCH_PATHS = "$(inherited) @executable_path/Frameworks";
				PRODUCT_BUNDLE_IDENTIFIER = com.owenlarosa.SpaceInvaders;
				PRODUCT_NAME = "$(TARGET_NAME)";
			};
			name = Release;
		};
		5A896EB21BDEC5D2006633FF /* Debug */ = {
			isa = XCBuildConfiguration;
			buildSettings = {
				BUNDLE_LOADER = "$(TEST_HOST)";
				DEBUG_INFORMATION_FORMAT = dwarf;
				INFOPLIST_FILE = SpaceInvadersTests/Info.plist;
				LD_RUNPATH_SEARCH_PATHS = "$(inherited) @executable_path/Frameworks @loader_path/Frameworks";
				PRODUCT_BUNDLE_IDENTIFIER = com.owenlarosa.SpaceInvadersTests;
				PRODUCT_NAME = "$(TARGET_NAME)";
				TEST_HOST = "$(BUILT_PRODUCTS_DIR)/SpaceInvaders.app/SpaceInvaders";
			};
			name = Debug;
		};
		5A896EB31BDEC5D2006633FF /* Release */ = {
			isa = XCBuildConfiguration;
			buildSettings = {
				BUNDLE_LOADER = "$(TEST_HOST)";
				INFOPLIST_FILE = SpaceInvadersTests/Info.plist;
				LD_RUNPATH_SEARCH_PATHS = "$(inherited) @executable_path/Frameworks @loader_path/Frameworks";
				PRODUCT_BUNDLE_IDENTIFIER = com.owenlarosa.SpaceInvadersTests;
				PRODUCT_NAME = "$(TARGET_NAME)";
				TEST_HOST = "$(BUILT_PRODUCTS_DIR)/SpaceInvaders.app/SpaceInvaders";
			};
			name = Release;
		};
		5A896EB51BDEC5D2006633FF /* Debug */ = {
			isa = XCBuildConfiguration;
			buildSettings = {
				DEBUG_INFORMATION_FORMAT = dwarf;
				INFOPLIST_FILE = SpaceInvadersUITests/Info.plist;
				LD_RUNPATH_SEARCH_PATHS = "$(inherited) @executable_path/Frameworks @loader_path/Frameworks";
				PRODUCT_BUNDLE_IDENTIFIER = com.owenlarosa.SpaceInvadersUITests;
				PRODUCT_NAME = "$(TARGET_NAME)";
				TEST_TARGET_NAME = SpaceInvaders;
				USES_XCTRUNNER = YES;
			};
			name = Debug;
		};
		5A896EB61BDEC5D2006633FF /* Release */ = {
			isa = XCBuildConfiguration;
			buildSettings = {
				INFOPLIST_FILE = SpaceInvadersUITests/Info.plist;
				LD_RUNPATH_SEARCH_PATHS = "$(inherited) @executable_path/Frameworks @loader_path/Frameworks";
				PRODUCT_BUNDLE_IDENTIFIER = com.owenlarosa.SpaceInvadersUITests;
				PRODUCT_NAME = "$(TARGET_NAME)";
				TEST_TARGET_NAME = SpaceInvaders;
				USES_XCTRUNNER = YES;
			};
			name = Release;
		};
/* End XCBuildConfiguration section */

/* Begin XCConfigurationList section */
		5A896E7D1BDEC5D2006633FF /* Build configuration list for PBXProject "SpaceInvaders" */ = {
			isa = XCConfigurationList;
			buildConfigurations = (
				5A896EAC1BDEC5D2006633FF /* Debug */,
				5A896EAD1BDEC5D2006633FF /* Release */,
			);
			defaultConfigurationIsVisible = 0;
			defaultConfigurationName = Release;
		};
		5A896EAE1BDEC5D2006633FF /* Build configuration list for PBXNativeTarget "SpaceInvaders" */ = {
			isa = XCConfigurationList;
			buildConfigurations = (
				5A896EAF1BDEC5D2006633FF /* Debug */,
				5A896EB01BDEC5D2006633FF /* Release */,
			);
			defaultConfigurationIsVisible = 0;
			defaultConfigurationName = Release;
		};
		5A896EB11BDEC5D2006633FF /* Build configuration list for PBXNativeTarget "SpaceInvadersTests" */ = {
			isa = XCConfigurationList;
			buildConfigurations = (
				5A896EB21BDEC5D2006633FF /* Debug */,
				5A896EB31BDEC5D2006633FF /* Release */,
			);
			defaultConfigurationIsVisible = 0;
			defaultConfigurationName = Release;
		};
		5A896EB41BDEC5D2006633FF /* Build configuration list for PBXNativeTarget "SpaceInvadersUITests" */ = {
			isa = XCConfigurationList;
			buildConfigurations = (
				5A896EB51BDEC5D2006633FF /* Debug */,
				5A896EB61BDEC5D2006633FF /* Release */,
			);
			defaultConfigurationIsVisible = 0;
			defaultConfigurationName = Release;
		};
/* End XCConfigurationList section */
	};
	rootObject = 5A896E7A1BDEC5D2006633FF /* Project object */;
}
